{
  "version": 4,
  "terraform_version": "1.15.1",
  "serial": 18,
  "lineage": "a4a99961-b4e9-e533-d0db-401ea428adf3",
  "outputs": {},
  "resources": [
    {
      "mode": "managed",
      "type": "aws_instance",
      "name": "mumbai_ec2",
      "provider": "provider[\"registry.terraform.io/hashicorp/aws\"].mumbai",
      "instances": [
        {
          "schema_version": 2,
          "attributes": {
            "ami": "ami-0388e3ada3d9812da",
            "arn": "arn:aws:ec2:ap-south-1:521803510859:instance/i-087cf449d8e69c190",
            "associate_public_ip_address": true,
            "availability_zone": "ap-south-1a",
            "capacity_reservation_specification": [
              {
                "capacity_reservation_preference": "open",
                "capacity_reservation_target": []
              }
            ],
            "cpu_options": [
              {
                "amd_sev_snp": "",
                "core_count": 1,
                "nested_virtualization": "",
                "threads_per_core": 2
              }
            ],
            "credit_specification": [
              {
                "cpu_credits": "unlimited"
              }
            ],
            "disable_api_stop": false,
            "disable_api_termination": false,
            "ebs_block_device": [],
            "ebs_optimized": false,
            "enable_primary_ipv6": null,
            "enclave_options": [
              {
                "enabled": false
              }
            ],
            "ephemeral_block_device": [],
            "force_destroy": false,
            "get_password_data": false,
            "hibernation": false,
            "host_id": "",
            "host_resource_group_arn": null,
            "iam_instance_profile": "",
            "id": "i-087cf449d8e69c190",
            "instance_initiated_shutdown_behavior": "stop",
            "instance_lifecycle": "",
            "instance_market_options": [],
            "instance_state": "running",
            "instance_type": "t3.micro",
            "ipv6_address_count": 0,
            "ipv6_addresses": [],
            "key_name": "TERRAFORM-KEY-1",
            "launch_template": [],
            "maintenance_options": [
              {
                "auto_recovery": "default"
              }
            ],
            "metadata_options": [
              {
                "http_endpoint": "enabled",
                "http_protocol_ipv6": "disabled",
                "http_put_response_hop_limit": 2,
                "http_tokens": "required",
                "instance_metadata_tags": "disabled"
              }
            ],
            "monitoring": false,
            "network_interface": [],
            "outpost_arn": "",
            "password_data": "",
            "placement_group": "",
            "placement_group_id": "",
            "placement_partition_number": 0,
            "primary_network_interface": [
              {
                "delete_on_termination": true,
                "network_interface_id": "eni-0a6659c1f8cc3e17b"
              }
            ],
            "primary_network_interface_id": "eni-0a6659c1f8cc3e17b",
            "private_dns": "ip-172-31-32-207.ap-south-1.compute.internal",
            "private_dns_name_options": [
              {
                "enable_resource_name_dns_a_record": false,
                "enable_resource_name_dns_aaaa_record": false,
                "hostname_type": "ip-name"
              }
            ],
            "private_ip": "172.31.32.207",
            "public_dns": "ec2-13-235-135-192.ap-south-1.compute.amazonaws.com",
            "public_ip": "13.235.135.192",
            "region": "ap-south-1",
            "root_block_device": [
              {
                "delete_on_termination": true,
                "device_name": "/dev/sda1",
                "encrypted": false,
                "iops": 3000,
                "kms_key_id": "",
                "tags": {},
                "tags_all": {},
                "throughput": 125,
                "volume_id": "vol-080a3c7191f472e2f",
                "volume_size": 8,
                "volume_type": "gp3"
              }
            ],
            "secondary_network_interface": [],
            "secondary_private_ips": [],
            "security_groups": [
              "default"
            ],
            "source_dest_check": true,
            "spot_instance_request_id": "",
            "subnet_id": "subnet-08e8aac875c313c3d",
            "tags": {
              "Name": "mumbai-server"
            },
            "tags_all": {
              "Name": "mumbai-server"
            },
            "tenancy": "default",
            "timeouts": null,
            "user_data": null,
            "user_data_base64": null,
            "user_data_replace_on_change": false,
            "volume_tags": null,
            "vpc_security_group_ids": [
              "sg-03656d7cb901d5261"
            ]
          },
          "sensitive_attributes": [],
          "identity_schema_version": 0,
          "identity": {
            "account_id": "521803510859",
            "id": "i-087cf449d8e69c190",
            "region": "ap-south-1"
          },
          "private": "eyJlMmJmYjczMC1lY2FhLTExZTYtOGY4OC0zNDM2M2JjN2M0YzAiOnsiY3JlYXRlIjo2MDAwMDAwMDAwMDAsImRlbGV0ZSI6MTIwMDAwMDAwMDAwMCwicmVhZCI6OTAwMDAwMDAwMDAwLCJ1cGRhdGUiOjYwMDAwMDAwMDAwMH0sInNjaGVtYV92ZXJzaW9uIjoiMiJ9"
        }
      ]
    },
    {
      "mode": "managed",
      "type": "aws_key_pair",
      "name": "deployer",
      "provider": "provider[\"registry.terraform.io/hashicorp/aws\"]",
      "instances": [
        {
          "schema_version": 1,
          "attributes": {
            "arn": "arn:aws:ec2:ap-south-1:521803510859:key-pair/TERRAFORM-KEY-1",
            "fingerprint": "0f:9a:c7:37:27:51:37:86:65:d7:09:58:e6:45:44:f0",
            "id": "TERRAFORM-KEY-1",
            "key_name": "TERRAFORM-KEY-1",
            "key_name_prefix": "",
            "key_pair_id": "key-0b8b5fc43d8b48617",
            "key_type": "rsa",
            "public_key": "ssh-rsa AAAAB3NzaC1yc2EAAAADAQABAAABAQCziVrsC+a4WwsOB82/zl1EZGArxV22hcI2MM596rdB0GiG0FRaqe3giW//BXL67iyQrOSniYOIFrIdBaUit/Rx1MbBRKFPDGcvWGXC4fnZZ83YVcoqchnUUJyfLMWlnqsaZQscv3Tng+tKc+ZEUgCFWGXKqv1zz5/Xeh3+zA2qKFr+4yYFW9awR+yn3emTdwpN9k3GGyUru47yHL48kxkV/3ltp9tqkz+Ll+c1MYUUIwtNxoaEQde9qOFCzw8gZeFRJQaTC+4FBz8BYRVtM3/L6JqSRNySWLaAP/5wMtLzkns57R4Se6TM3o0wXEYxXgYI5a+WDRZQpKAxy/w6YLTX user@DESKTOP-5GGLD5R",
            "region": "ap-south-1",
            "tags": null,
            "tags_all": {}
          },
          "sensitive_attributes": [],
          "identity_schema_version": 0,
          "private": "eyJzY2hlbWFfdmVyc2lvbiI6IjEifQ=="
        }
      ]
    }
  ],
  "check_results": null
}
